
Microsoft Visual Studio Solution File, Format Version 12.00
# Visual Studio Version 16
VisualStudioVersion = 16.0.30517.126
MinimumVisualStudioVersion = 10.0.40219.1
Project("{FAE04EC0-301F-11D3-BF4B-00C04F79EFBC}") = "NBA.Model", "NBA.Model\NBA.Model.csproj", "{3FE8DDA3-1CFC-44C3-805C-362363B37CED}"
EndProject
Project("{FAE04EC0-301F-11D3-BF4B-00C04F79EFBC}") = "NBA.StatScraper", "NBA.StatScraper\NBA.StatScraper.csproj", "{6C658920-3B4D-4C79-BF78-A10D0DEFACEB}"
EndProject
Project("{FAE04EC0-301F-11D3-BF4B-00C04F79EFBC}") = "NBA.Api", "NBA.Api\NBA.Api.csproj", "{B4C35565-5049-4CA6-8F14-C15080E1AAC4}"
EndProject
Project("{FAE04EC0-301F-11D3-BF4B-00C04F79EFBC}") = "NBA.Web", "NBA.Web\NBA.Web.csproj", "{C8B55384-18E3-4229-9ABC-DC67CF1F3A02}"
EndProject
Global
	GlobalSection(SolutionConfigurationPlatforms) = preSolution
		Debug|Any CPU = Debug|Any CPU
		Release|Any CPU = Release|Any CPU
	EndGlobalSection
	GlobalSection(ProjectConfigurationPlatforms) = postSolution
		{3FE8DDA3-1CFC-44C3-805C-362363B37CED}.Debug|Any CPU.ActiveCfg = Debug|Any CPU
		{3FE8DDA3-1CFC-44C3-805C-362363B37CED}.Debug|Any CPU.Build.0 = Debug|Any CPU
		{3FE8DDA3-1CFC-44C3-805C-362363B37CED}.Release|Any CPU.ActiveCfg = Release|Any CPU
		{3FE8DDA3-1CFC-44C3-805C-362363B37CED}.Release|Any CPU.Build.0 = Release|Any CPU
		{6C658920-3B4D-4C79-BF78-A10D0DEFACEB}.Debug|Any CPU.ActiveCfg = Debug|Any CPU
		{6C658920-3B4D-4C79-BF78-A10D0DEFACEB}.Debug|Any CPU.Build.0 = Debug|Any CPU
		{6C658920-3B4D-4C79-BF78-A10D0DEFACEB}.Release|Any CPU.ActiveCfg = Release|Any CPU
		{6C658920-3B4D-4C79-BF78-A10D0DEFACEB}.Release|Any CPU.Build.0 = Release|Any CPU
		{B4C35565-5049-4CA6-8F14-C15080E1AAC4}.Debug|Any CPU.ActiveCfg = Debug|Any CPU
		{B4C35565-5049-4CA6-8F14-C15080E1AAC4}.Debug|Any CPU.Build.0 = Debug|Any CPU
		{B4C35565-5049-4CA6-8F14-C15080E1AAC4}.Release|Any CPU.ActiveCfg = Release|Any CPU
		{B4C35565-5049-4CA6-8F14-C15080E1AAC4}.Release|Any CPU.Build.0 = Release|Any CPU
		{C8B55384-18E3-4229-9ABC-DC67CF1F3A02}.Debug|Any CPU.ActiveCfg = Debug|Any CPU
		{C8B55384-18E3-4229-9ABC-DC67CF1F3A02}.Debug|Any CPU.Build.0 = Debug|Any CPU
		{C8B55384-18E3-4229-9ABC-DC67CF1F3A02}.Release|Any CPU.ActiveCfg = Release|Any CPU
		{C8B55384-18E3-4229-9ABC-DC67CF1F3A02}.Release|Any CPU.Build.0 = Release|Any CPU
	EndGlobalSection
	GlobalSection(SolutionProperties) = preSolution
		HideSolutionNode = FALSE
	EndGlobalSection
	GlobalSection(ExtensibilityGlobals) = postSolution
		SolutionGuid = {20E3647D-7E62-4216-959D-61A80AB57840}
	EndGlobalSection
EndGlobal
